
Microsoft Visual Studio Solution File, Format Version 12.00
# Visual Studio Version 16
VisualStudioVersion = 16.0.30320.27
MinimumVisualStudioVersion = 10.0.40219.1
Project("{9A19103F-16F7-4668-BE54-9A1E7A4F7556}") = "Day1", "Day1\Day1.csproj", "{39857FBF-D550-4D0D-9615-447CB3ED6C1F}"
EndProject
Project("{9A19103F-16F7-4668-BE54-9A1E7A4F7556}") = "Day2", "Day2\Day2.csproj", "{0395CA34-389A-489E-8232-7161503D7BAF}"
EndProject
Project("{9A19103F-16F7-4668-BE54-9A1E7A4F7556}") = "Day3", "Day3\Day3.csproj", "{0587544E-A26E-441C-A574-DD01DF718022}"
EndProject
Project("{9A19103F-16F7-4668-BE54-9A1E7A4F7556}") = "Day4", "Day4\Day4.csproj", "{3507817A-3B33-499D-9888-390CE4C8854F}"
EndProject
Project("{FAE04EC0-301F-11D3-BF4B-00C04F79EFBC}") = "Day5", "Day5\Day5.csproj", "{18559A43-DE6E-4492-82D0-A459D0C1BC4E}"
EndProject
Global
	GlobalSection(SolutionConfigurationPlatforms) = preSolution
		Debug|Any CPU = Debug|Any CPU
		Release|Any CPU = Release|Any CPU
	EndGlobalSection
	GlobalSection(ProjectConfigurationPlatforms) = postSolution
		{39857FBF-D550-4D0D-9615-447CB3ED6C1F}.Debug|Any CPU.ActiveCfg = Debug|Any CPU
		{39857FBF-D550-4D0D-9615-447CB3ED6C1F}.Debug|Any CPU.Build.0 = Debug|Any CPU
		{39857FBF-D550-4D0D-9615-447CB3ED6C1F}.Release|Any CPU.ActiveCfg = Release|Any CPU
		{39857FBF-D550-4D0D-9615-447CB3ED6C1F}.Release|Any CPU.Build.0 = Release|Any CPU
		{0395CA34-389A-489E-8232-7161503D7BAF}.Debug|Any CPU.ActiveCfg = Debug|Any CPU
		{0395CA34-389A-489E-8232-7161503D7BAF}.Debug|Any CPU.Build.0 = Debug|Any CPU
		{0395CA34-389A-489E-8232-7161503D7BAF}.Release|Any CPU.ActiveCfg = Release|Any CPU
		{0395CA34-389A-489E-8232-7161503D7BAF}.Release|Any CPU.Build.0 = Release|Any CPU
		{0587544E-A26E-441C-A574-DD01DF718022}.Debug|Any CPU.ActiveCfg = Debug|Any CPU
		{0587544E-A26E-441C-A574-DD01DF718022}.Debug|Any CPU.Build.0 = Debug|Any CPU
		{0587544E-A26E-441C-A574-DD01DF718022}.Release|Any CPU.ActiveCfg = Release|Any CPU
		{0587544E-A26E-441C-A574-DD01DF718022}.Release|Any CPU.Build.0 = Release|Any CPU
		{3507817A-3B33-499D-9888-390CE4C8854F}.Debug|Any CPU.ActiveCfg = Debug|Any CPU
		{3507817A-3B33-499D-9888-390CE4C8854F}.Debug|Any CPU.Build.0 = Debug|Any CPU
		{3507817A-3B33-499D-9888-390CE4C8854F}.Release|Any CPU.ActiveCfg = Release|Any CPU
		{3507817A-3B33-499D-9888-390CE4C8854F}.Release|Any CPU.Build.0 = Release|Any CPU
		{18559A43-DE6E-4492-82D0-A459D0C1BC4E}.Debug|Any CPU.ActiveCfg = Debug|Any CPU
		{18559A43-DE6E-4492-82D0-A459D0C1BC4E}.Debug|Any CPU.Build.0 = Debug|Any CPU
		{18559A43-DE6E-4492-82D0-A459D0C1BC4E}.Release|Any CPU.ActiveCfg = Release|Any CPU
		{18559A43-DE6E-4492-82D0-A459D0C1BC4E}.Release|Any CPU.Build.0 = Release|Any CPU
	EndGlobalSection
	GlobalSection(SolutionProperties) = preSolution
		HideSolutionNode = FALSE
	EndGlobalSection
	GlobalSection(ExtensibilityGlobals) = postSolution
		SolutionGuid = {8A0B42D9-E6F4-4030-B3B6-11E5590C24AE}
	EndGlobalSection
EndGlobal
